
Microsoft Visual Studio Solution File, Format Version 12.00
# Visual Studio 15
VisualStudioVersion = 15.0.27703.1
MinimumVisualStudioVersion = 10.0.40219.1
Project("{FAE04EC0-301F-11D3-BF4B-00C04F79EFBC}") = "EF_QueryTests", "EF_QueryTests\EF_QueryTests.csproj", "{53591BF0-7227-4A39-BFA6-C33DF31A2839}"
EndProject
Global
	GlobalSection(SolutionConfigurationPlatforms) = preSolution
		Debug|Any CPU = Debug|Any CPU
		Release|Any CPU = Release|Any CPU
	EndGlobalSection
	GlobalSection(ProjectConfigurationPlatforms) = postSolution
		{53591BF0-7227-4A39-BFA6-C33DF31A2839}.Debug|Any CPU.ActiveCfg = Debug|Any CPU
		{53591BF0-7227-4A39-BFA6-C33DF31A2839}.Debug|Any CPU.Build.0 = Debug|Any CPU
		{53591BF0-7227-4A39-BFA6-C33DF31A2839}.Release|Any CPU.ActiveCfg = Release|Any CPU
		{53591BF0-7227-4A39-BFA6-C33DF31A2839}.Release|Any CPU.Build.0 = Release|Any CPU
	EndGlobalSection
	GlobalSection(SolutionProperties) = preSolution
		HideSolutionNode = FALSE
	EndGlobalSection
	GlobalSection(ExtensibilityGlobals) = postSolution
		SolutionGuid = {19BB060E-33CC-49B8-9D57-9F10E03C5B46}
	EndGlobalSection
EndGlobal
